
Microsoft Visual Studio Solution File, Format Version 12.00
# Visual Studio Version 17
VisualStudioVersion = 17.4.33213.308
MinimumVisualStudioVersion = 10.0.40219.1
Project("{FAE04EC0-301F-11D3-BF4B-00C04F79EFBC}") = "com.dynamic.datagather.api", "com.dynamic.datagather.api\com.dynamic.datagather.api.csproj", "{AFC005C1-BAA5-4316-8B6C-496D5A6E0711}"
EndProject
Global
	GlobalSection(SolutionConfigurationPlatforms) = preSolution
		Debug|Any CPU = Debug|Any CPU
		Release|Any CPU = Release|Any CPU
	EndGlobalSection
	GlobalSection(ProjectConfigurationPlatforms) = postSolution
		{AFC005C1-BAA5-4316-8B6C-496D5A6E0711}.Debug|Any CPU.ActiveCfg = Debug|Any CPU
		{AFC005C1-BAA5-4316-8B6C-496D5A6E0711}.Debug|Any CPU.Build.0 = Debug|Any CPU
		{AFC005C1-BAA5-4316-8B6C-496D5A6E0711}.Release|Any CPU.ActiveCfg = Release|Any CPU
		{AFC005C1-BAA5-4316-8B6C-496D5A6E0711}.Release|Any CPU.Build.0 = Release|Any CPU
	EndGlobalSection
	GlobalSection(SolutionProperties) = preSolution
		HideSolutionNode = FALSE
	EndGlobalSection
	GlobalSection(ExtensibilityGlobals) = postSolution
		SolutionGuid = {4F4EE957-83AB-4266-A0EA-6BCF20B492C4}
	EndGlobalSection
EndGlobal
